
Microsoft Visual Studio Solution File, Format Version 12.00
# Visual Studio Version 17
VisualStudioVersion = 17.5.002.0
MinimumVisualStudioVersion = 10.0.40219.1
Project("{9A19103F-16F7-4668-BE54-9A1E7A4F7556}") = "BlazorApp1", "BlazorApp1.csproj", "{6157BEA4-ECE3-4A12-BED7-2B377E58D768}"
EndProject
Global
	GlobalSection(SolutionConfigurationPlatforms) = preSolution
		Debug|Any CPU = Debug|Any CPU
		Release|Any CPU = Release|Any CPU
	EndGlobalSection
	GlobalSection(ProjectConfigurationPlatforms) = postSolution
		{6157BEA4-ECE3-4A12-BED7-2B377E58D768}.Debug|Any CPU.ActiveCfg = Debug|Any CPU
		{6157BEA4-ECE3-4A12-BED7-2B377E58D768}.Debug|Any CPU.Build.0 = Debug|Any CPU
		{6157BEA4-ECE3-4A12-BED7-2B377E58D768}.Release|Any CPU.ActiveCfg = Release|Any CPU
		{6157BEA4-ECE3-4A12-BED7-2B377E58D768}.Release|Any CPU.Build.0 = Release|Any CPU
	EndGlobalSection
	GlobalSection(SolutionProperties) = preSolution
		HideSolutionNode = FALSE
	EndGlobalSection
	GlobalSection(ExtensibilityGlobals) = postSolution
		SolutionGuid = {8DBEAFE2-72F7-4233-9A02-078FFE55C746}
	EndGlobalSection
EndGlobal
